
Microsoft Visual Studio Solution File, Format Version 12.00
# Visual Studio Version 17
VisualStudioVersion = 17.1.32414.318
MinimumVisualStudioVersion = 10.0.40219.1
Project("{FAE04EC0-301F-11D3-BF4B-00C04F79EFBC}") = "DefectChart", "DefectChart\DefectChart.csproj", "{A7186F91-BB15-430A-B959-00CC51E9C0A1}"
EndProject
Global
	GlobalSection(SolutionConfigurationPlatforms) = preSolution
		Debug|Any CPU = Debug|Any CPU
		Release|Any CPU = Release|Any CPU
	EndGlobalSection
	GlobalSection(ProjectConfigurationPlatforms) = postSolution
		{A7186F91-BB15-430A-B959-00CC51E9C0A1}.Debug|Any CPU.ActiveCfg = Debug|Any CPU
		{A7186F91-BB15-430A-B959-00CC51E9C0A1}.Debug|Any CPU.Build.0 = Debug|Any CPU
		{A7186F91-BB15-430A-B959-00CC51E9C0A1}.Release|Any CPU.ActiveCfg = Release|Any CPU
		{A7186F91-BB15-430A-B959-00CC51E9C0A1}.Release|Any CPU.Build.0 = Release|Any CPU
	EndGlobalSection
	GlobalSection(SolutionProperties) = preSolution
		HideSolutionNode = FALSE
	EndGlobalSection
	GlobalSection(ExtensibilityGlobals) = postSolution
		SolutionGuid = {FCFB7C86-32FC-4E22-82A5-D717109BF0EB}
	EndGlobalSection
EndGlobal
